
Microsoft Visual Studio Solution File, Format Version 12.00
# Visual Studio Version 17
VisualStudioVersion = 17.9.34616.47
MinimumVisualStudioVersion = 10.0.40219.1
Project("{9A19103F-16F7-4668-BE54-9A1E7A4F7556}") = "WebContratos", "WebContratos\WebContratos.csproj", "{2943A536-4CFE-42E0-A453-DA97147BFDFB}"
EndProject
Project("{9A19103F-16F7-4668-BE54-9A1E7A4F7556}") = "Datos", "Datos\Datos.csproj", "{9129B63B-C503-490F-B4D1-319A6026E258}"
EndProject
Project("{9A19103F-16F7-4668-BE54-9A1E7A4F7556}") = "Negocios", "Negocio\Negocios.csproj", "{0175A2C3-D050-449B-888E-3E4C031DD549}"
EndProject
Global
	GlobalSection(SolutionConfigurationPlatforms) = preSolution
		Debug|Any CPU = Debug|Any CPU
		Release|Any CPU = Release|Any CPU
	EndGlobalSection
	GlobalSection(ProjectConfigurationPlatforms) = postSolution
		{2943A536-4CFE-42E0-A453-DA97147BFDFB}.Debug|Any CPU.ActiveCfg = Debug|Any CPU
		{2943A536-4CFE-42E0-A453-DA97147BFDFB}.Debug|Any CPU.Build.0 = Debug|Any CPU
		{2943A536-4CFE-42E0-A453-DA97147BFDFB}.Release|Any CPU.ActiveCfg = Release|Any CPU
		{2943A536-4CFE-42E0-A453-DA97147BFDFB}.Release|Any CPU.Build.0 = Release|Any CPU
		{9129B63B-C503-490F-B4D1-319A6026E258}.Debug|Any CPU.ActiveCfg = Debug|Any CPU
		{9129B63B-C503-490F-B4D1-319A6026E258}.Debug|Any CPU.Build.0 = Debug|Any CPU
		{9129B63B-C503-490F-B4D1-319A6026E258}.Release|Any CPU.ActiveCfg = Release|Any CPU
		{9129B63B-C503-490F-B4D1-319A6026E258}.Release|Any CPU.Build.0 = Release|Any CPU
		{0175A2C3-D050-449B-888E-3E4C031DD549}.Debug|Any CPU.ActiveCfg = Debug|Any CPU
		{0175A2C3-D050-449B-888E-3E4C031DD549}.Debug|Any CPU.Build.0 = Debug|Any CPU
		{0175A2C3-D050-449B-888E-3E4C031DD549}.Release|Any CPU.ActiveCfg = Release|Any CPU
		{0175A2C3-D050-449B-888E-3E4C031DD549}.Release|Any CPU.Build.0 = Release|Any CPU
	EndGlobalSection
	GlobalSection(SolutionProperties) = preSolution
		HideSolutionNode = FALSE
	EndGlobalSection
	GlobalSection(ExtensibilityGlobals) = postSolution
		SolutionGuid = {58AC6596-B69B-47B0-BDFF-9B9835B4E9A6}
	EndGlobalSection
EndGlobal
